
Microsoft Visual Studio Solution File, Format Version 12.00
# Visual Studio Version 17
VisualStudioVersion = 17.0.31903.59
MinimumVisualStudioVersion = 10.0.40219.1
Project("{FAE04EC0-301F-11D3-BF4B-00C04F79EFBC}") = "KrileHelper.UI", "KrileHelper.UI\KrileHelper.UI.csproj", "{78D06637-9149-4E44-985A-A2E4F4AD6709}"
EndProject
Project("{FAE04EC0-301F-11D3-BF4B-00C04F79EFBC}") = "Sharlayan.Core", "Sharlayan.Core\Sharlayan.Core.csproj", "{12C3469F-E9A4-4F55-8BC9-C72DDD6B46DD}"
EndProject
Project("{FAE04EC0-301F-11D3-BF4B-00C04F79EFBC}") = "Translation.Core", "Translation.Core\Translation.Core.csproj", "{E2C3E764-FFF8-47EA-A909-9F1EAD48FDA5}"
EndProject
Project("{FAE04EC0-301F-11D3-BF4B-00C04F79EFBC}") = "MemoryProbe", "MemoryProbe\MemoryProbe.csproj", "{72491AA4-F30F-4685-8DBF-F9B7F3D1918D}"
EndProject
Project("{FAE04EC0-301F-11D3-BF4B-00C04F79EFBC}") = "KrileHelper.Tests", "KrileHelper.Tests\KrileHelper.Tests.csproj", "{A4AC6E1D-5029-4324-9C6F-C94B0CDDA68B}"
EndProject
Global
	GlobalSection(SolutionConfigurationPlatforms) = preSolution
		Debug|Any CPU = Debug|Any CPU
		Release|Any CPU = Release|Any CPU
	EndGlobalSection
	GlobalSection(SolutionProperties) = preSolution
		HideSolutionNode = FALSE
	EndGlobalSection
	GlobalSection(ProjectConfigurationPlatforms) = postSolution
		{78D06637-9149-4E44-985A-A2E4F4AD6709}.Debug|Any CPU.ActiveCfg = Debug|Any CPU
		{78D06637-9149-4E44-985A-A2E4F4AD6709}.Debug|Any CPU.Build.0 = Debug|Any CPU
		{78D06637-9149-4E44-985A-A2E4F4AD6709}.Release|Any CPU.ActiveCfg = Release|Any CPU
		{78D06637-9149-4E44-985A-A2E4F4AD6709}.Release|Any CPU.Build.0 = Release|Any CPU
		{12C3469F-E9A4-4F55-8BC9-C72DDD6B46DD}.Debug|Any CPU.ActiveCfg = Debug|Any CPU
		{12C3469F-E9A4-4F55-8BC9-C72DDD6B46DD}.Debug|Any CPU.Build.0 = Debug|Any CPU
		{12C3469F-E9A4-4F55-8BC9-C72DDD6B46DD}.Release|Any CPU.ActiveCfg = Release|Any CPU
		{12C3469F-E9A4-4F55-8BC9-C72DDD6B46DD}.Release|Any CPU.Build.0 = Release|Any CPU
		{E2C3E764-FFF8-47EA-A909-9F1EAD48FDA5}.Debug|Any CPU.ActiveCfg = Debug|Any CPU
		{E2C3E764-FFF8-47EA-A909-9F1EAD48FDA5}.Debug|Any CPU.Build.0 = Debug|Any CPU
		{E2C3E764-FFF8-47EA-A909-9F1EAD48FDA5}.Release|Any CPU.ActiveCfg = Release|Any CPU
		{E2C3E764-FFF8-47EA-A909-9F1EAD48FDA5}.Release|Any CPU.Build.0 = Release|Any CPU
		{72491AA4-F30F-4685-8DBF-F9B7F3D1918D}.Debug|Any CPU.ActiveCfg = Debug|Any CPU
		{72491AA4-F30F-4685-8DBF-F9B7F3D1918D}.Debug|Any CPU.Build.0 = Debug|Any CPU
		{72491AA4-F30F-4685-8DBF-F9B7F3D1918D}.Release|Any CPU.ActiveCfg = Release|Any CPU
		{72491AA4-F30F-4685-8DBF-F9B7F3D1918D}.Release|Any CPU.Build.0 = Release|Any CPU
		{A4AC6E1D-5029-4324-9C6F-C94B0CDDA68B}.Debug|Any CPU.ActiveCfg = Debug|Any CPU
		{A4AC6E1D-5029-4324-9C6F-C94B0CDDA68B}.Debug|Any CPU.Build.0 = Debug|Any CPU
		{A4AC6E1D-5029-4324-9C6F-C94B0CDDA68B}.Release|Any CPU.ActiveCfg = Release|Any CPU
		{A4AC6E1D-5029-4324-9C6F-C94B0CDDA68B}.Release|Any CPU.Build.0 = Release|Any CPU
	EndGlobalSection
EndGlobal
